
Microsoft Visual Studio Solution File, Format Version 12.00
# Visual Studio Version 16
VisualStudioVersion = 16.0.29709.97
MinimumVisualStudioVersion = 10.0.40219.1
Project("{FAE04EC0-301F-11D3-BF4B-00C04F79EFBC}") = "DungeonMaster", "DungeonMaster\DungeonMaster.csproj", "{09D08B8F-79E8-480A-BCD5-462C432421CA}"
EndProject
Global
	GlobalSection(SolutionConfigurationPlatforms) = preSolution
		Debug|Any CPU = Debug|Any CPU
		Release|Any CPU = Release|Any CPU
	EndGlobalSection
	GlobalSection(ProjectConfigurationPlatforms) = postSolution
		{09D08B8F-79E8-480A-BCD5-462C432421CA}.Debug|Any CPU.ActiveCfg = Debug|Any CPU
		{09D08B8F-79E8-480A-BCD5-462C432421CA}.Debug|Any CPU.Build.0 = Debug|Any CPU
		{09D08B8F-79E8-480A-BCD5-462C432421CA}.Release|Any CPU.ActiveCfg = Release|Any CPU
		{09D08B8F-79E8-480A-BCD5-462C432421CA}.Release|Any CPU.Build.0 = Release|Any CPU
	EndGlobalSection
	GlobalSection(SolutionProperties) = preSolution
		HideSolutionNode = FALSE
	EndGlobalSection
	GlobalSection(ExtensibilityGlobals) = postSolution
		SolutionGuid = {930322FF-309C-4C2A-80A5-B13D138EDD37}
	EndGlobalSection
EndGlobal
